
Microsoft Visual Studio Solution File, Format Version 12.00
# Visual Studio Version 17
VisualStudioVersion = 17.3.32929.385
MinimumVisualStudioVersion = 10.0.40219.1
Project("{9A19103F-16F7-4668-BE54-9A1E7A4F7556}") = "Vaelastrasz.Server", "Vaelastrasz.Server\Vaelastrasz.Server.csproj", "{C949C653-7EEB-4398-B8B3-85F569DBB5FD}"
EndProject
Project("{9A19103F-16F7-4668-BE54-9A1E7A4F7556}") = "Vaelastrasz.Library", "Vaelastrasz.Library\Vaelastrasz.Library.csproj", "{177156BE-91D3-48D8-8803-E420064CDF20}"
EndProject
Project("{9A19103F-16F7-4668-BE54-9A1E7A4F7556}") = "Vaelastrasz.Library.Tests", "Vaelastrasz.Library.Tests\Vaelastrasz.Library.Tests.csproj", "{9DE79297-FEEE-4BBD-A329-35103B9BAF78}"
EndProject
Project("{9A19103F-16F7-4668-BE54-9A1E7A4F7556}") = "Vaelastrasz.Server.Tests", "Vaelastrasz.Server.Tests\Vaelastrasz.Server.Tests.csproj", "{B310FD33-F8C3-4023-89F5-540EC42C168D}"
EndProject
Project("{2150E333-8FDC-42A3-9474-1A3956D46DE8}") = "Solution Items", "Solution Items", "{DFE14F22-8883-4F43-AA69-A9ED8C06F166}"
	ProjectSection(SolutionItems) = preProject
		.editorconfig = .editorconfig
		README.md = README.md
	EndProjectSection
EndProject
Project("{2150E333-8FDC-42A3-9474-1A3956D46DE8}") = "Projektmappenelemente", "Projektmappenelemente", "{6CD6F056-EDB6-443E-BF09-D23834078B63}"
	ProjectSection(SolutionItems) = preProject
		README.md = README.md
	EndProjectSection
EndProject
Global
	GlobalSection(SolutionConfigurationPlatforms) = preSolution
		Debug|Any CPU = Debug|Any CPU
		Release|Any CPU = Release|Any CPU
	EndGlobalSection
	GlobalSection(ProjectConfigurationPlatforms) = postSolution
		{C949C653-7EEB-4398-B8B3-85F569DBB5FD}.Debug|Any CPU.ActiveCfg = Debug|Any CPU
		{C949C653-7EEB-4398-B8B3-85F569DBB5FD}.Debug|Any CPU.Build.0 = Debug|Any CPU
		{C949C653-7EEB-4398-B8B3-85F569DBB5FD}.Release|Any CPU.ActiveCfg = Release|Any CPU
		{C949C653-7EEB-4398-B8B3-85F569DBB5FD}.Release|Any CPU.Build.0 = Release|Any CPU
		{177156BE-91D3-48D8-8803-E420064CDF20}.Debug|Any CPU.ActiveCfg = Debug|Any CPU
		{177156BE-91D3-48D8-8803-E420064CDF20}.Debug|Any CPU.Build.0 = Debug|Any CPU
		{177156BE-91D3-48D8-8803-E420064CDF20}.Release|Any CPU.ActiveCfg = Release|Any CPU
		{177156BE-91D3-48D8-8803-E420064CDF20}.Release|Any CPU.Build.0 = Release|Any CPU
		{9DE79297-FEEE-4BBD-A329-35103B9BAF78}.Debug|Any CPU.ActiveCfg = Debug|Any CPU
		{9DE79297-FEEE-4BBD-A329-35103B9BAF78}.Debug|Any CPU.Build.0 = Debug|Any CPU
		{9DE79297-FEEE-4BBD-A329-35103B9BAF78}.Release|Any CPU.ActiveCfg = Release|Any CPU
		{9DE79297-FEEE-4BBD-A329-35103B9BAF78}.Release|Any CPU.Build.0 = Release|Any CPU
		{B310FD33-F8C3-4023-89F5-540EC42C168D}.Debug|Any CPU.ActiveCfg = Debug|Any CPU
		{B310FD33-F8C3-4023-89F5-540EC42C168D}.Debug|Any CPU.Build.0 = Debug|Any CPU
		{B310FD33-F8C3-4023-89F5-540EC42C168D}.Release|Any CPU.ActiveCfg = Release|Any CPU
		{B310FD33-F8C3-4023-89F5-540EC42C168D}.Release|Any CPU.Build.0 = Release|Any CPU
	EndGlobalSection
	GlobalSection(SolutionProperties) = preSolution
		HideSolutionNode = FALSE
	EndGlobalSection
	GlobalSection(ExtensibilityGlobals) = postSolution
		SolutionGuid = {68EB10AA-CB1E-46EE-BD00-2E11AB46DEE3}
	EndGlobalSection
EndGlobal
